
Microsoft Visual Studio Solution File, Format Version 12.00
# Visual Studio 15
VisualStudioVersion = 15.0.27004.2010
MinimumVisualStudioVersion = 10.0.40219.1
Project("{2150E333-8FDC-42A3-9474-1A3956D46DE8}") = "src", "src", "{E46FE17A-AB81-4004-A5E4-CF62483DFA89}"
EndProject
Project("{2150E333-8FDC-42A3-9474-1A3956D46DE8}") = "Solution Items", "Solution Items", "{FFF7636F-85D9-43FC-97C9-808A89E00466}"
EndProject
Project("{9A19103F-16F7-4668-BE54-9A1E7A4F7556}") = "RestCore", "src\RestCore\RestCore.csproj", "{02F91C18-D7CF-4F41-9EDA-87B23ADE2F51}"
EndProject
Global
	GlobalSection(SolutionConfigurationPlatforms) = preSolution
		Debug|Any CPU = Debug|Any CPU
		Release|Any CPU = Release|Any CPU
	EndGlobalSection
	GlobalSection(ProjectConfigurationPlatforms) = postSolution
		{02F91C18-D7CF-4F41-9EDA-87B23ADE2F51}.Debug|Any CPU.ActiveCfg = Debug|Any CPU
		{02F91C18-D7CF-4F41-9EDA-87B23ADE2F51}.Debug|Any CPU.Build.0 = Debug|Any CPU
		{02F91C18-D7CF-4F41-9EDA-87B23ADE2F51}.Release|Any CPU.ActiveCfg = Release|Any CPU
		{02F91C18-D7CF-4F41-9EDA-87B23ADE2F51}.Release|Any CPU.Build.0 = Release|Any CPU
	EndGlobalSection
	GlobalSection(SolutionProperties) = preSolution
		HideSolutionNode = FALSE
	EndGlobalSection
	GlobalSection(NestedProjects) = preSolution
		{02F91C18-D7CF-4F41-9EDA-87B23ADE2F51} = {E46FE17A-AB81-4004-A5E4-CF62483DFA89}
	EndGlobalSection
	GlobalSection(ExtensibilityGlobals) = postSolution
		SolutionGuid = {C25B9A59-C1C1-4B3F-81D2-B82C0111895B}
	EndGlobalSection
EndGlobal
